
Microsoft Visual Studio Solution File, Format Version 12.00
# Visual Studio 2012
Project("{FAE04EC0-301F-11D3-BF4B-00C04F79EFBC}") = "USA.Searcher", "USA.Searcher\USA.Searcher.csproj", "{351CEE24-A74D-44E1-AA07-E30C548A2A68}"
EndProject
Project("{FAE04EC0-301F-11D3-BF4B-00C04F79EFBC}") = "USA.Anazyzer", "USA.Anazyzer\USA.Anazyzer.csproj", "{FBC67E7A-E67C-4A4F-82F8-A9AD204998CD}"
EndProject
Global
	GlobalSection(SolutionConfigurationPlatforms) = preSolution
		Debug|Any CPU = Debug|Any CPU
		Release|Any CPU = Release|Any CPU
	EndGlobalSection
	GlobalSection(ProjectConfigurationPlatforms) = postSolution
		{351CEE24-A74D-44E1-AA07-E30C548A2A68}.Debug|Any CPU.ActiveCfg = Debug|Any CPU
		{351CEE24-A74D-44E1-AA07-E30C548A2A68}.Debug|Any CPU.Build.0 = Debug|Any CPU
		{351CEE24-A74D-44E1-AA07-E30C548A2A68}.Release|Any CPU.ActiveCfg = Release|Any CPU
		{351CEE24-A74D-44E1-AA07-E30C548A2A68}.Release|Any CPU.Build.0 = Release|Any CPU
		{FBC67E7A-E67C-4A4F-82F8-A9AD204998CD}.Debug|Any CPU.ActiveCfg = Debug|Any CPU
		{FBC67E7A-E67C-4A4F-82F8-A9AD204998CD}.Debug|Any CPU.Build.0 = Debug|Any CPU
		{FBC67E7A-E67C-4A4F-82F8-A9AD204998CD}.Release|Any CPU.ActiveCfg = Release|Any CPU
		{FBC67E7A-E67C-4A4F-82F8-A9AD204998CD}.Release|Any CPU.Build.0 = Release|Any CPU
	EndGlobalSection
	GlobalSection(SolutionProperties) = preSolution
		HideSolutionNode = FALSE
	EndGlobalSection
EndGlobal
