
Microsoft Visual Studio Solution File, Format Version 10.00
# Visual Studio 2008
Project("{FAE04EC0-301F-11D3-BF4B-00C04F79EFBC}") = "BibParser", "BibParser\BibParser.csproj", "{1FC76709-4C84-4FB9-8190-2A75B080D128}"
EndProject
Project("{FAE04EC0-301F-11D3-BF4B-00C04F79EFBC}") = "BibParser.Tests", "bibParser.Tests\BibParser.Tests.csproj", "{76D8A4A7-0C22-4710-9903-A7CE971BA97A}"
EndProject
Global
	GlobalSection(SolutionConfigurationPlatforms) = preSolution
		Debug|Any CPU = Debug|Any CPU
		Release|Any CPU = Release|Any CPU
	EndGlobalSection
	GlobalSection(ProjectConfigurationPlatforms) = postSolution
		{1FC76709-4C84-4FB9-8190-2A75B080D128}.Debug|Any CPU.ActiveCfg = Debug|Any CPU
		{1FC76709-4C84-4FB9-8190-2A75B080D128}.Debug|Any CPU.Build.0 = Debug|Any CPU
		{1FC76709-4C84-4FB9-8190-2A75B080D128}.Release|Any CPU.ActiveCfg = Release|Any CPU
		{1FC76709-4C84-4FB9-8190-2A75B080D128}.Release|Any CPU.Build.0 = Release|Any CPU
		{76D8A4A7-0C22-4710-9903-A7CE971BA97A}.Debug|Any CPU.ActiveCfg = Debug|Any CPU
		{76D8A4A7-0C22-4710-9903-A7CE971BA97A}.Debug|Any CPU.Build.0 = Debug|Any CPU
		{76D8A4A7-0C22-4710-9903-A7CE971BA97A}.Release|Any CPU.ActiveCfg = Release|Any CPU
		{76D8A4A7-0C22-4710-9903-A7CE971BA97A}.Release|Any CPU.Build.0 = Release|Any CPU
	EndGlobalSection
	GlobalSection(SolutionProperties) = preSolution
		HideSolutionNode = FALSE
	EndGlobalSection
EndGlobal
